
Microsoft Visual Studio Solution File, Format Version 12.00
# Visual Studio 15
VisualStudioVersion = 15.0.27130.2027
MinimumVisualStudioVersion = 10.0.40219.1
Project("{FAE04EC0-301F-11D3-BF4B-00C04F79EFBC}") = "wk8", "wk8\wk8.csproj", "{5C0385AC-7A91-47DA-94C6-B2AD3B098773}"
EndProject
Global
	GlobalSection(SolutionConfigurationPlatforms) = preSolution
		Debug|Any CPU = Debug|Any CPU
		Release|Any CPU = Release|Any CPU
	EndGlobalSection
	GlobalSection(ProjectConfigurationPlatforms) = postSolution
		{5C0385AC-7A91-47DA-94C6-B2AD3B098773}.Debug|Any CPU.ActiveCfg = Debug|Any CPU
		{5C0385AC-7A91-47DA-94C6-B2AD3B098773}.Debug|Any CPU.Build.0 = Debug|Any CPU
		{5C0385AC-7A91-47DA-94C6-B2AD3B098773}.Release|Any CPU.ActiveCfg = Release|Any CPU
		{5C0385AC-7A91-47DA-94C6-B2AD3B098773}.Release|Any CPU.Build.0 = Release|Any CPU
	EndGlobalSection
	GlobalSection(SolutionProperties) = preSolution
		HideSolutionNode = FALSE
	EndGlobalSection
	GlobalSection(ExtensibilityGlobals) = postSolution
		SolutionGuid = {88AF1E0F-5FD9-4341-B5CB-B970941EE183}
	EndGlobalSection
EndGlobal
