
Microsoft Visual Studio Solution File, Format Version 12.00
# Visual Studio 15
VisualStudioVersion = 15.0.27004.2006
MinimumVisualStudioVersion = 10.0.40219.1
Project("{FAE04EC0-301F-11D3-BF4B-00C04F79EFBC}") = "GetSatAndSunDays", "GetSatAndSunDays\GetSatAndSunDays.csproj", "{2EE0F392-35E9-4B83-A38C-2AA8EEB128D5}"
EndProject
Project("{FAE04EC0-301F-11D3-BF4B-00C04F79EFBC}") = "TicketFare", "TicketFare\TicketFare.csproj", "{C182B4AE-C4C1-483E-8B26-D510099954A1}"
EndProject
Project("{FAE04EC0-301F-11D3-BF4B-00C04F79EFBC}") = "OddAndEven", "OddAndEven\OddAndEven.csproj", "{25F0E424-36DE-4C18-B616-3269A72F5A10}"
EndProject
Project("{FAE04EC0-301F-11D3-BF4B-00C04F79EFBC}") = "LoopInverted", "LoopInverted\LoopInverted.csproj", "{2065947E-8570-4F86-A724-09555AA3A7D5}"
EndProject
Project("{FAE04EC0-301F-11D3-BF4B-00C04F79EFBC}") = "SalesPerformance", "SalesPerformance\SalesPerformance.csproj", "{D4857321-CCB7-4D1E-B012-78DF1597A564}"
EndProject
Project("{FAE04EC0-301F-11D3-BF4B-00C04F79EFBC}") = "StringInverted", "StringInverted\StringInverted.csproj", "{13A05713-B185-40C2-ADB7-8EE6718798C3}"
EndProject
Project("{FAE04EC0-301F-11D3-BF4B-00C04F79EFBC}") = "OddAndEvenList", "OddAndEvenList\OddAndEvenList.csproj", "{B409231B-753C-400F-B764-0F4A53360E97}"
EndProject
Project("{FAE04EC0-301F-11D3-BF4B-00C04F79EFBC}") = "TaiwanLeapYear", "TaiwanLeapYear\TaiwanLeapYear.csproj", "{8623EEF8-F10D-48B5-BCD7-8727E594657B}"
EndProject
Project("{FAE04EC0-301F-11D3-BF4B-00C04F79EFBC}") = "ReplaceString", "ReplaceString\ReplaceString.csproj", "{D0C38CD2-49DF-4839-88DC-E1A338756252}"
EndProject
Global
	GlobalSection(SolutionConfigurationPlatforms) = preSolution
		Debug|Any CPU = Debug|Any CPU
		Release|Any CPU = Release|Any CPU
	EndGlobalSection
	GlobalSection(ProjectConfigurationPlatforms) = postSolution
		{2EE0F392-35E9-4B83-A38C-2AA8EEB128D5}.Debug|Any CPU.ActiveCfg = Debug|Any CPU
		{2EE0F392-35E9-4B83-A38C-2AA8EEB128D5}.Debug|Any CPU.Build.0 = Debug|Any CPU
		{2EE0F392-35E9-4B83-A38C-2AA8EEB128D5}.Release|Any CPU.ActiveCfg = Release|Any CPU
		{2EE0F392-35E9-4B83-A38C-2AA8EEB128D5}.Release|Any CPU.Build.0 = Release|Any CPU
		{C182B4AE-C4C1-483E-8B26-D510099954A1}.Debug|Any CPU.ActiveCfg = Debug|Any CPU
		{C182B4AE-C4C1-483E-8B26-D510099954A1}.Debug|Any CPU.Build.0 = Debug|Any CPU
		{C182B4AE-C4C1-483E-8B26-D510099954A1}.Release|Any CPU.ActiveCfg = Release|Any CPU
		{C182B4AE-C4C1-483E-8B26-D510099954A1}.Release|Any CPU.Build.0 = Release|Any CPU
		{25F0E424-36DE-4C18-B616-3269A72F5A10}.Debug|Any CPU.ActiveCfg = Debug|Any CPU
		{25F0E424-36DE-4C18-B616-3269A72F5A10}.Debug|Any CPU.Build.0 = Debug|Any CPU
		{25F0E424-36DE-4C18-B616-3269A72F5A10}.Release|Any CPU.ActiveCfg = Release|Any CPU
		{25F0E424-36DE-4C18-B616-3269A72F5A10}.Release|Any CPU.Build.0 = Release|Any CPU
		{2065947E-8570-4F86-A724-09555AA3A7D5}.Debug|Any CPU.ActiveCfg = Debug|Any CPU
		{2065947E-8570-4F86-A724-09555AA3A7D5}.Debug|Any CPU.Build.0 = Debug|Any CPU
		{2065947E-8570-4F86-A724-09555AA3A7D5}.Release|Any CPU.ActiveCfg = Release|Any CPU
		{2065947E-8570-4F86-A724-09555AA3A7D5}.Release|Any CPU.Build.0 = Release|Any CPU
		{D4857321-CCB7-4D1E-B012-78DF1597A564}.Debug|Any CPU.ActiveCfg = Debug|Any CPU
		{D4857321-CCB7-4D1E-B012-78DF1597A564}.Debug|Any CPU.Build.0 = Debug|Any CPU
		{D4857321-CCB7-4D1E-B012-78DF1597A564}.Release|Any CPU.ActiveCfg = Release|Any CPU
		{D4857321-CCB7-4D1E-B012-78DF1597A564}.Release|Any CPU.Build.0 = Release|Any CPU
		{13A05713-B185-40C2-ADB7-8EE6718798C3}.Debug|Any CPU.ActiveCfg = Debug|Any CPU
		{13A05713-B185-40C2-ADB7-8EE6718798C3}.Debug|Any CPU.Build.0 = Debug|Any CPU
		{13A05713-B185-40C2-ADB7-8EE6718798C3}.Release|Any CPU.ActiveCfg = Release|Any CPU
		{13A05713-B185-40C2-ADB7-8EE6718798C3}.Release|Any CPU.Build.0 = Release|Any CPU
		{B409231B-753C-400F-B764-0F4A53360E97}.Debug|Any CPU.ActiveCfg = Debug|Any CPU
		{B409231B-753C-400F-B764-0F4A53360E97}.Debug|Any CPU.Build.0 = Debug|Any CPU
		{B409231B-753C-400F-B764-0F4A53360E97}.Release|Any CPU.ActiveCfg = Release|Any CPU
		{B409231B-753C-400F-B764-0F4A53360E97}.Release|Any CPU.Build.0 = Release|Any CPU
		{8623EEF8-F10D-48B5-BCD7-8727E594657B}.Debug|Any CPU.ActiveCfg = Debug|Any CPU
		{8623EEF8-F10D-48B5-BCD7-8727E594657B}.Debug|Any CPU.Build.0 = Debug|Any CPU
		{8623EEF8-F10D-48B5-BCD7-8727E594657B}.Release|Any CPU.ActiveCfg = Release|Any CPU
		{8623EEF8-F10D-48B5-BCD7-8727E594657B}.Release|Any CPU.Build.0 = Release|Any CPU
		{D0C38CD2-49DF-4839-88DC-E1A338756252}.Debug|Any CPU.ActiveCfg = Debug|Any CPU
		{D0C38CD2-49DF-4839-88DC-E1A338756252}.Debug|Any CPU.Build.0 = Debug|Any CPU
		{D0C38CD2-49DF-4839-88DC-E1A338756252}.Release|Any CPU.ActiveCfg = Release|Any CPU
		{D0C38CD2-49DF-4839-88DC-E1A338756252}.Release|Any CPU.Build.0 = Release|Any CPU
	EndGlobalSection
	GlobalSection(SolutionProperties) = preSolution
		HideSolutionNode = FALSE
	EndGlobalSection
	GlobalSection(ExtensibilityGlobals) = postSolution
		SolutionGuid = {158DE759-3218-48D3-B06B-7405E954D356}
	EndGlobalSection
EndGlobal
