
Microsoft Visual Studio Solution File, Format Version 12.00
# Visual Studio 15
VisualStudioVersion = 15.0.27130.2027
MinimumVisualStudioVersion = 10.0.40219.1
Project("{FAE04EC0-301F-11D3-BF4B-00C04F79EFBC}") = "wk5", "wk5\wk5.csproj", "{0182192A-0B51-4374-B690-4838929BDB91}"
EndProject
Global
	GlobalSection(SolutionConfigurationPlatforms) = preSolution
		Debug|Any CPU = Debug|Any CPU
		Release|Any CPU = Release|Any CPU
	EndGlobalSection
	GlobalSection(ProjectConfigurationPlatforms) = postSolution
		{0182192A-0B51-4374-B690-4838929BDB91}.Debug|Any CPU.ActiveCfg = Debug|Any CPU
		{0182192A-0B51-4374-B690-4838929BDB91}.Debug|Any CPU.Build.0 = Debug|Any CPU
		{0182192A-0B51-4374-B690-4838929BDB91}.Release|Any CPU.ActiveCfg = Release|Any CPU
		{0182192A-0B51-4374-B690-4838929BDB91}.Release|Any CPU.Build.0 = Release|Any CPU
	EndGlobalSection
	GlobalSection(SolutionProperties) = preSolution
		HideSolutionNode = FALSE
	EndGlobalSection
	GlobalSection(ExtensibilityGlobals) = postSolution
		SolutionGuid = {881D4B1A-5B22-4CB2-BEE1-C7BEC5A628E8}
	EndGlobalSection
EndGlobal
