
Microsoft Visual Studio Solution File, Format Version 12.00
# Visual Studio 15
VisualStudioVersion = 15.0.27130.2027
MinimumVisualStudioVersion = 10.0.40219.1
Project("{FAE04EC0-301F-11D3-BF4B-00C04F79EFBC}") = "wk7", "wk7\wk7.csproj", "{972D43A8-40A9-4418-8230-45BD402D90A5}"
EndProject
Global
	GlobalSection(SolutionConfigurationPlatforms) = preSolution
		Debug|Any CPU = Debug|Any CPU
		Release|Any CPU = Release|Any CPU
	EndGlobalSection
	GlobalSection(ProjectConfigurationPlatforms) = postSolution
		{972D43A8-40A9-4418-8230-45BD402D90A5}.Debug|Any CPU.ActiveCfg = Debug|Any CPU
		{972D43A8-40A9-4418-8230-45BD402D90A5}.Debug|Any CPU.Build.0 = Debug|Any CPU
		{972D43A8-40A9-4418-8230-45BD402D90A5}.Release|Any CPU.ActiveCfg = Release|Any CPU
		{972D43A8-40A9-4418-8230-45BD402D90A5}.Release|Any CPU.Build.0 = Release|Any CPU
	EndGlobalSection
	GlobalSection(SolutionProperties) = preSolution
		HideSolutionNode = FALSE
	EndGlobalSection
	GlobalSection(ExtensibilityGlobals) = postSolution
		SolutionGuid = {8438D54E-5481-424E-AD56-DF360D8B0B70}
	EndGlobalSection
EndGlobal
